// !$*UTF8*$!
{
	archiveVersion = 1;
	classes = {
	};
	objectVersion = 55;
	objects = {

/* Begin PBXBuildFile section */
		F15B0821274C33E4003C32EB /* ModalType.swift in Sources */ = {isa = PBXBuildFile; fileRef = F15B0820274C33E4003C32EB /* ModalType.swift */; };
		F15B0823274C354B003C32EB /* AddUpdateSong.swift in Sources */ = {isa = PBXBuildFile; fileRef = F15B0822274C354B003C32EB /* AddUpdateSong.swift */; };
		F15B0825274C35E4003C32EB /* AddUpdateSongViewModel.swift in Sources */ = {isa = PBXBuildFile; fileRef = F15B0824274C35E4003C32EB /* AddUpdateSongViewModel.swift */; };
		F1C62A3E274A09FB00DA3251 /* YT_Vapor_iOS_ClientApp.swift in Sources */ = {isa = PBXBuildFile; fileRef = F1C62A3D274A09FB00DA3251 /* YT_Vapor_iOS_ClientApp.swift */; };
		F1C62A40274A09FB00DA3251 /* SongList.swift in Sources */ = {isa = PBXBuildFile; fileRef = F1C62A3F274A09FB00DA3251 /* SongList.swift */; };
		F1C62A42274A09FC00DA3251 /* Assets.xcassets in Resources */ = {isa = PBXBuildFile; fileRef = F1C62A41274A09FC00DA3251 /* Assets.xcassets */; };
		F1C62A45274A09FC00DA3251 /* Preview Assets.xcassets in Resources */ = {isa = PBXBuildFile; fileRef = F1C62A44274A09FC00DA3251 /* Preview Assets.xcassets */; };
		F1C62A50274A0BCD00DA3251 /* Song.swift in Sources */ = {isa = PBXBuildFile; fileRef = F1C62A4F274A0BCD00DA3251 /* Song.swift */; };
		F1C62A53274A0C2700DA3251 /* SongListViewModel.swift in Sources */ = {isa = PBXBuildFile; fileRef = F1C62A52274A0C2700DA3251 /* SongListViewModel.swift */; };
		F1C62A55274A0ED400DA3251 /* HTTPClient.swift in Sources */ = {isa = PBXBuildFile; fileRef = F1C62A54274A0ED400DA3251 /* HTTPClient.swift */; };
		F1C62A57274A111A00DA3251 /* Constants.swift in Sources */ = {isa = PBXBuildFile; fileRef = F1C62A56274A111A00DA3251 /* Constants.swift */; };
/* End PBXBuildFile section */

/* Begin PBXFileReference section */
		F15B0820274C33E4003C32EB /* ModalType.swift */ = {isa = PBXFileReference; lastKnownFileType = sourcecode.swift; path = ModalType.swift; sourceTree = "<group>"; };
		F15B0822274C354B003C32EB /* AddUpdateSong.swift */ = {isa = PBXFileReference; lastKnownFileType = sourcecode.swift; path = AddUpdateSong.swift; sourceTree = "<group>"; };
		F15B0824274C35E4003C32EB /* AddUpdateSongViewModel.swift */ = {isa = PBXFileReference; lastKnownFileType = sourcecode.swift; path = AddUpdateSongViewModel.swift; sourceTree = "<group>"; };
		F1C62A3A274A09FB00DA3251 /* YT-Vapor-iOS-Client.app */ = {isa = PBXFileReference; explicitFileType = wrapper.application; includeInIndex = 0; path = "YT-Vapor-iOS-Client.app"; sourceTree = BUILT_PRODUCTS_DIR; };
		F1C62A3D274A09FB00DA3251 /* YT_Vapor_iOS_ClientApp.swift */ = {isa = PBXFileReference; lastKnownFileType = sourcecode.swift; path = YT_Vapor_iOS_ClientApp.swift; sourceTree = "<group>"; };
		F1C62A3F274A09FB00DA3251 /* SongList.swift */ = {isa = PBXFileReference; lastKnownFileType = sourcecode.swift; path = SongList.swift; sourceTree = "<group>"; };
		F1C62A41274A09FC00DA3251 /* Assets.xcassets */ = {isa = PBXFileReference; lastKnownFileType = folder.assetcatalog; path = Assets.xcassets; sourceTree = "<group>"; };
		F1C62A44274A09FC00DA3251 /* Preview Assets.xcassets */ = {isa = PBXFileReference; lastKnownFileType = folder.assetcatalog; path = "Preview Assets.xcassets"; sourceTree = "<group>"; };
		F1C62A4F274A0BCD00DA3251 /* Song.swift */ = {isa = PBXFileReference; lastKnownFileType = sourcecode.swift; path = Song.swift; sourceTree = "<group>"; };
		F1C62A52274A0C2700DA3251 /* SongListViewModel.swift */ = {isa = PBXFileReference; lastKnownFileType = sourcecode.swift; path = SongListViewModel.swift; sourceTree = "<group>"; };
		F1C62A54274A0ED400DA3251 /* HTTPClient.swift */ = {isa = PBXFileReference; lastKnownFileType = sourcecode.swift; path = HTTPClient.swift; sourceTree = "<group>"; };
		F1C62A56274A111A00DA3251 /* Constants.swift */ = {isa = PBXFileReference; lastKnownFileType = sourcecode.swift; path = Constants.swift; sourceTree = "<group>"; };
/* End PBXFileReference section */

/* Begin PBXFrameworksBuildPhase section */
		F1C62A37274A09FB00DA3251 /* Frameworks */ = {
			isa = PBXFrameworksBuildPhase;
			buildActionMask = 2147483647;
			files = (
			);
			runOnlyForDeploymentPostprocessing = 0;
		};
/* End PBXFrameworksBuildPhase section */

/* Begin PBXGroup section */
		F1C62A31274A09FB00DA3251 = {
			isa = PBXGroup;
			children = (
				F1C62A3C274A09FB00DA3251 /* YT-Vapor-iOS-Client */,
				F1C62A3B274A09FB00DA3251 /* Products */,
			);
			sourceTree = "<group>";
		};
		F1C62A3B274A09FB00DA3251 /* Products */ = {
			isa = PBXGroup;
			children = (
				F1C62A3A274A09FB00DA3251 /* YT-Vapor-iOS-Client.app */,
			);
			name = Products;
			sourceTree = "<group>";
		};
		F1C62A3C274A09FB00DA3251 /* YT-Vapor-iOS-Client */ = {
			isa = PBXGroup;
			children = (
				F1C62A4E274A0A4A00DA3251 /* Utilities */,
				F1C62A4B274A0A2700DA3251 /* Models */,
				F1C62A4D274A0A3B00DA3251 /* Views */,
				F1C62A4C274A0A3200DA3251 /* View Models */,
				F1C62A3D274A09FB00DA3251 /* YT_Vapor_iOS_ClientApp.swift */,
				F1C62A41274A09FC00DA3251 /* Assets.xcassets */,
				F1C62A43274A09FC00DA3251 /* Preview Content */,
			);
			path = "YT-Vapor-iOS-Client";
			sourceTree = "<group>";
		};
		F1C62A43274A09FC00DA3251 /* Preview Content */ = {
			isa = PBXGroup;
			children = (
				F1C62A44274A09FC00DA3251 /* Preview Assets.xcassets */,
			);
			path = "Preview Content";
			sourceTree = "<group>";
		};
		F1C62A4B274A0A2700DA3251 /* Models */ = {
			isa = PBXGroup;
			children = (
				F1C62A4F274A0BCD00DA3251 /* Song.swift */,
			);
			path = Models;
			sourceTree = "<group>";
		};
		F1C62A4C274A0A3200DA3251 /* View Models */ = {
			isa = PBXGroup;
			children = (
				F1C62A52274A0C2700DA3251 /* SongListViewModel.swift */,
				F15B0824274C35E4003C32EB /* AddUpdateSongViewModel.swift */,
			);
			path = "View Models";
			sourceTree = "<group>";
		};
		F1C62A4D274A0A3B00DA3251 /* Views */ = {
			isa = PBXGroup;
			children = (
				F1C62A3F274A09FB00DA3251 /* SongList.swift */,
				F15B0822274C354B003C32EB /* AddUpdateSong.swift */,
			);
			path = Views;
			sourceTree = "<group>";
		};
		F1C62A4E274A0A4A00DA3251 /* Utilities */ = {
			isa = PBXGroup;
			children = (
				F1C62A54274A0ED400DA3251 /* HTTPClient.swift */,
				F1C62A56274A111A00DA3251 /* Constants.swift */,
				F15B0820274C33E4003C32EB /* ModalType.swift */,
			);
			path = Utilities;
			sourceTree = "<group>";
		};
/* End PBXGroup section */

/* Begin PBXNativeTarget section */
		F1C62A39274A09FB00DA3251 /* YT-Vapor-iOS-Client */ = {
			isa = PBXNativeTarget;
			buildConfigurationList = F1C62A48274A09FC00DA3251 /* Build configuration list for PBXNativeTarget "YT-Vapor-iOS-Client" */;
			buildPhases = (
				F1C62A36274A09FB00DA3251 /* Sources */,
				F1C62A37274A09FB00DA3251 /* Frameworks */,
				F1C62A38274A09FB00DA3251 /* Resources */,
			);
			buildRules = (
			);
			dependencies = (
			);
			name = "YT-Vapor-iOS-Client";
			productName = "YT-Vapor-iOS-Aapp";
			productReference = F1C62A3A274A09FB00DA3251 /* YT-Vapor-iOS-Client.app */;
			productType = "com.apple.product-type.application";
		};
/* End PBXNativeTarget section */

/* Begin PBXProject section */
		F1C62A32274A09FB00DA3251 /* Project object */ = {
			isa = PBXProject;
			attributes = {
				BuildIndependentTargetsInParallel = 1;
				LastSwiftUpdateCheck = 1310;
				LastUpgradeCheck = 1310;
				TargetAttributes = {
					F1C62A39274A09FB00DA3251 = {
						CreatedOnToolsVersion = 13.1;
					};
				};
			};
			buildConfigurationList = F1C62A35274A09FB00DA3251 /* Build configuration list for PBXProject "YT-Vapor-iOS-Client" */;
			compatibilityVersion = "Xcode 13.0";
			developmentRegion = en;
			hasScannedForEncodings = 0;
			knownRegions = (
				en,
				Base,
			);
			mainGroup = F1C62A31274A09FB00DA3251;
			productRefGroup = F1C62A3B274A09FB00DA3251 /* Products */;
			projectDirPath = "";
			projectRoot = "";
			targets = (
				F1C62A39274A09FB00DA3251 /* YT-Vapor-iOS-Client */,
			);
		};
/* End PBXProject section */

/* Begin PBXResourcesBuildPhase section */
		F1C62A38274A09FB00DA3251 /* Resources */ = {
			isa = PBXResourcesBuildPhase;
			buildActionMask = 2147483647;
			files = (
				F1C62A45274A09FC00DA3251 /* Preview Assets.xcassets in Resources */,
				F1C62A42274A09FC00DA3251 /* Assets.xcassets in Resources */,
			);
			runOnlyForDeploymentPostprocessing = 0;
		};
/* End PBXResourcesBuildPhase section */

/* Begin PBXSourcesBuildPhase section */
		F1C62A36274A09FB00DA3251 /* Sources */ = {
			isa = PBXSourcesBuildPhase;
			buildActionMask = 2147483647;
			files = (
				F1C62A50274A0BCD00DA3251 /* Song.swift in Sources */,
				F15B0825274C35E4003C32EB /* AddUpdateSongViewModel.swift in Sources */,
				F15B0823274C354B003C32EB /* AddUpdateSong.swift in Sources */,
				F15B0821274C33E4003C32EB /* ModalType.swift in Sources */,
				F1C62A55274A0ED400DA3251 /* HTTPClient.swift in Sources */,
				F1C62A53274A0C2700DA3251 /* SongListViewModel.swift in Sources */,
				F1C62A40274A09FB00DA3251 /* SongList.swift in Sources */,
				F1C62A3E274A09FB00DA3251 /* YT_Vapor_iOS_ClientApp.swift in Sources */,
				F1C62A57274A111A00DA3251 /* Constants.swift in Sources */,
			);
			runOnlyForDeploymentPostprocessing = 0;
		};
/* End PBXSourcesBuildPhase section */

/* Begin XCBuildConfiguration section */
		F1C62A46274A09FC00DA3251 /* Debug */ = {
			isa = XCBuildConfiguration;
			buildSettings = {
				ALWAYS_SEARCH_USER_PATHS = NO;
				CLANG_ANALYZER_NONNULL = YES;
				CLANG_ANALYZER_NUMBER_OBJECT_CONVERSION = YES_AGGRESSIVE;
				CLANG_CXX_LANGUAGE_STANDARD = "gnu++17";
				CLANG_CXX_LIBRARY = "libc++";
				CLANG_ENABLE_MODULES = YES;
				CLANG_ENABLE_OBJC_ARC = YES;
				CLANG_ENABLE_OBJC_WEAK = YES;
				CLANG_WARN_BLOCK_CAPTURE_AUTORELEASING = YES;
				CLANG_WARN_BOOL_CONVERSION = YES;
				CLANG_WARN_COMMA = YES;
				CLANG_WARN_CONSTANT_CONVERSION = YES;
				CLANG_WARN_DEPRECATED_OBJC_IMPLEMENTATIONS = YES;
				CLANG_WARN_DIRECT_OBJC_ISA_USAGE = YES_ERROR;
				CLANG_WARN_DOCUMENTATION_COMMENTS = YES;
				CLANG_WARN_EMPTY_BODY = YES;
				CLANG_WARN_ENUM_CONVERSION = YES;
				CLANG_WARN_INFINITE_RECURSION = YES;
				CLANG_WARN_INT_CONVERSION = YES;
				CLANG_WARN_NON_LITERAL_NULL_CONVERSION = YES;
				CLANG_WARN_OBJC_IMPLICIT_RETAIN_SELF = YES;
				CLANG_WARN_OBJC_LITERAL_CONVERSION = YES;
				CLANG_WARN_OBJC_ROOT_CLASS = YES_ERROR;
				CLANG_WARN_QUOTED_INCLUDE_IN_FRAMEWORK_HEADER = YES;
				CLANG_WARN_RANGE_LOOP_ANALYSIS = YES;
				CLANG_WARN_STRICT_PROTOTYPES = YES;
				CLANG_WARN_SUSPICIOUS_MOVE = YES;
				CLANG_WARN_UNGUARDED_AVAILABILITY = YES_AGGRESSIVE;
				CLANG_WARN_UNREACHABLE_CODE = YES;
				CLANG_WARN__DUPLICATE_METHOD_MATCH = YES;
				COPY_PHASE_STRIP = NO;
				DEBUG_INFORMATION_FORMAT = dwarf;
				ENABLE_STRICT_OBJC_MSGSEND = YES;
				ENABLE_TESTABILITY = YES;
				GCC_C_LANGUAGE_STANDARD = gnu11;
				GCC_DYNAMIC_NO_PIC = NO;
				GCC_NO_COMMON_BLOCKS = YES;
				GCC_OPTIMIZATION_LEVEL = 0;
				GCC_PREPROCESSOR_DEFINITIONS = (
					"DEBUG=1",
					"$(inherited)",
				);
				GCC_WARN_64_TO_32_BIT_CONVERSION = YES;
				GCC_WARN_ABOUT_RETURN_TYPE = YES_ERROR;
				GCC_WARN_UNDECLARED_SELECTOR = YES;
				GCC_WARN_UNINITIALIZED_AUTOS = YES_AGGRESSIVE;
				GCC_WARN_UNUSED_FUNCTION = YES;
				GCC_WARN_UNUSED_VARIABLE = YES;
				IPHONEOS_DEPLOYMENT_TARGET = 15.0;
				MTL_ENABLE_DEBUG_INFO = INCLUDE_SOURCE;
				MTL_FAST_MATH = YES;
				ONLY_ACTIVE_ARCH = YES;
				SDKROOT = iphoneos;
				SWIFT_ACTIVE_COMPILATION_CONDITIONS = DEBUG;
				SWIFT_OPTIMIZATION_LEVEL = "-Onone";
			};
			name = Debug;
		};
		F1C62A47274A09FC00DA3251 /* Release */ = {
			isa = XCBuildConfiguration;
			buildSettings = {
				ALWAYS_SEARCH_USER_PATHS = NO;
				CLANG_ANALYZER_NONNULL = YES;
				CLANG_ANALYZER_NUMBER_OBJECT_CONVERSION = YES_AGGRESSIVE;
				CLANG_CXX_LANGUAGE_STANDARD = "gnu++17";
				CLANG_CXX_LIBRARY = "libc++";
				CLANG_ENABLE_MODULES = YES;
				CLANG_ENABLE_OBJC_ARC = YES;
				CLANG_ENABLE_OBJC_WEAK = YES;
				CLANG_WARN_BLOCK_CAPTURE_AUTORELEASING = YES;
				CLANG_WARN_BOOL_CONVERSION = YES;
				CLANG_WARN_COMMA = YES;
				CLANG_WARN_CONSTANT_CONVERSION = YES;
				CLANG_WARN_DEPRECATED_OBJC_IMPLEMENTATIONS = YES;
				CLANG_WARN_DIRECT_OBJC_ISA_USAGE = YES_ERROR;
				CLANG_WARN_DOCUMENTATION_COMMENTS = YES;
				CLANG_WARN_EMPTY_BODY = YES;
				CLANG_WARN_ENUM_CONVERSION = YES;
				CLANG_WARN_INFINITE_RECURSION = YES;
				CLANG_WARN_INT_CONVERSION = YES;
				CLANG_WARN_NON_LITERAL_NULL_CONVERSION = YES;
				CLANG_WARN_OBJC_IMPLICIT_RETAIN_SELF = YES;
				CLANG_WARN_OBJC_LITERAL_CONVERSION = YES;
				CLANG_WARN_OBJC_ROOT_CLASS = YES_ERROR;
				CLANG_WARN_QUOTED_INCLUDE_IN_FRAMEWORK_HEADER = YES;
				CLANG_WARN_RANGE_LOOP_ANALYSIS = YES;
				CLANG_WARN_STRICT_PROTOTYPES = YES;
				CLANG_WARN_SUSPICIOUS_MOVE = YES;
				CLANG_WARN_UNGUARDED_AVAILABILITY = YES_AGGRESSIVE;
				CLANG_WARN_UNREACHABLE_CODE = YES;
				CLANG_WARN__DUPLICATE_METHOD_MATCH = YES;
				COPY_PHASE_STRIP = NO;
				DEBUG_INFORMATION_FORMAT = "dwarf-with-dsym";
				ENABLE_NS_ASSERTIONS = NO;
				ENABLE_STRICT_OBJC_MSGSEND = YES;
				GCC_C_LANGUAGE_STANDARD = gnu11;
				GCC_NO_COMMON_BLOCKS = YES;
				GCC_WARN_64_TO_32_BIT_CONVERSION = YES;
				GCC_WARN_ABOUT_RETURN_TYPE = YES_ERROR;
				GCC_WARN_UNDECLARED_SELECTOR = YES;
				GCC_WARN_UNINITIALIZED_AUTOS = YES_AGGRESSIVE;
				GCC_WARN_UNUSED_FUNCTION = YES;
				GCC_WARN_UNUSED_VARIABLE = YES;
				IPHONEOS_DEPLOYMENT_TARGET = 15.0;
				MTL_ENABLE_DEBUG_INFO = NO;
				MTL_FAST_MATH = YES;
				SDKROOT = iphoneos;
				SWIFT_COMPILATION_MODE = wholemodule;
				SWIFT_OPTIMIZATION_LEVEL = "-O";
				VALIDATE_PRODUCT = YES;
			};
			name = Release;
		};
		F1C62A49274A09FC00DA3251 /* Debug */ = {
			isa = XCBuildConfiguration;
			buildSettings = {
				ASSETCATALOG_COMPILER_APPICON_NAME = AppIcon;
				ASSETCATALOG_COMPILER_GLOBAL_ACCENT_COLOR_NAME = AccentColor;
				CODE_SIGN_STYLE = Automatic;
				CURRENT_PROJECT_VERSION = 1;
				DEVELOPMENT_ASSET_PATHS = "\"YT-Vapor-iOS-Client/Preview Content";
				ENABLE_PREVIEWS = YES;
				GENERATE_INFOPLIST_FILE = YES;
				INFOPLIST_KEY_UIApplicationSceneManifest_Generation = YES;
				INFOPLIST_KEY_UIApplicationSupportsIndirectInputEvents = YES;
				INFOPLIST_KEY_UILaunchScreen_Generation = YES;
				INFOPLIST_KEY_UISupportedInterfaceOrientations_iPad = "UIInterfaceOrientationPortrait UIInterfaceOrientationPortraitUpsideDown UIInterfaceOrientationLandscapeLeft UIInterfaceOrientationLandscapeRight";
				INFOPLIST_KEY_UISupportedInterfaceOrientations_iPhone = "UIInterfaceOrientationPortrait UIInterfaceOrientationLandscapeLeft UIInterfaceOrientationLandscapeRight";
				IPHONEOS_DEPLOYMENT_TARGET = 15.0;
				LD_RUNPATH_SEARCH_PATHS = (
					"$(inherited)",
					"@executable_path/Frameworks",
				);
				MARKETING_VERSION = 1.0;
				PRODUCT_BUNDLE_IDENTIFIER = "Sarah-Mattar.YT-Vapor-iOS-Client";
				PRODUCT_NAME = "YT-Vapor-iOS-Client";
				SWIFT_EMIT_LOC_STRINGS = YES;
				SWIFT_VERSION = 5.0;
				TARGETED_DEVICE_FAMILY = "1,2";
			};
			name = Debug;
		};
		F1C62A4A274A09FC00DA3251 /* Release */ = {
			isa = XCBuildConfiguration;
			buildSettings = {
				ASSETCATALOG_COMPILER_APPICON_NAME = AppIcon;
				ASSETCATALOG_COMPILER_GLOBAL_ACCENT_COLOR_NAME = AccentColor;
				CODE_SIGN_STYLE = Automatic;
				CURRENT_PROJECT_VERSION = 1;
				DEVELOPMENT_ASSET_PATHS = "\"YT-Vapor-iOS-Client/Preview Content";
				ENABLE_PREVIEWS = YES;
				GENERATE_INFOPLIST_FILE = YES;
				INFOPLIST_KEY_UIApplicationSceneManifest_Generation = YES;
				INFOPLIST_KEY_UIApplicationSupportsIndirectInputEvents = YES;
				INFOPLIST_KEY_UILaunchScreen_Generation = YES;
				INFOPLIST_KEY_UISupportedInterfaceOrientations_iPad = "UIInterfaceOrientationPortrait UIInterfaceOrientationPortraitUpsideDown UIInterfaceOrientationLandscapeLeft UIInterfaceOrientationLandscapeRight";
				INFOPLIST_KEY_UISupportedInterfaceOrientations_iPhone = "UIInterfaceOrientationPortrait UIInterfaceOrientationLandscapeLeft UIInterfaceOrientationLandscapeRight";
				IPHONEOS_DEPLOYMENT_TARGET = 15.0;
				LD_RUNPATH_SEARCH_PATHS = (
					"$(inherited)",
					"@executable_path/Frameworks",
				);
				MARKETING_VERSION = 1.0;
				PRODUCT_BUNDLE_IDENTIFIER = "Sarah-Mattar.YT-Vapor-iOS-Client";
				PRODUCT_NAME = "YT-Vapor-iOS-Aapp";
				SWIFT_EMIT_LOC_STRINGS = YES;
				SWIFT_VERSION = 5.0;
				TARGETED_DEVICE_FAMILY = "1,2";
			};
			name = Release;
		};
/* End XCBuildConfiguration section */

/* Begin XCConfigurationList section */
		F1C62A35274A09FB00DA3251 /* Build configuration list for PBXProject "YT-Vapor-iOS-Client" */ = {
			isa = XCConfigurationList;
			buildConfigurations = (
				F1C62A46274A09FC00DA3251 /* Debug */,
				F1C62A47274A09FC00DA3251 /* Release */,
			);
			defaultConfigurationIsVisible = 0;
			defaultConfigurationName = Release;
		};
		F1C62A48274A09FC00DA3251 /* Build configuration list for PBXNativeTarget "YT-Vapor-iOS-Client" */ = {
			isa = XCConfigurationList;
			buildConfigurations = (
				F1C62A49274A09FC00DA3251 /* Debug */,
				F1C62A4A274A09FC00DA3251 /* Release */,
			);
			defaultConfigurationIsVisible = 0;
			defaultConfigurationName = Release;
		};
/* End XCConfigurationList section */
	};
	rootObject = F1C62A32274A09FB00DA3251 /* Project object */;
}
